// !$*UTF8*$!
{
	archiveVersion = 1;
	classes = {
	};
	objectVersion = 46;
	objects = {

/* Begin PBXBuildFile section */
		06E403A21D028EFD00752D74 /* main.m in Sources */ = {isa = PBXBuildFile; fileRef = 06E403A11D028EFD00752D74 /* main.m */; };
		06E403A51D028EFD00752D74 /* AppDelegate.m in Sources */ = {isa = PBXBuildFile; fileRef = 06E403A41D028EFD00752D74 /* AppDelegate.m */; };
		06E403A81D028EFD00752D74 /* ViewController.m in Sources */ = {isa = PBXBuildFile; fileRef = 06E403A71D028EFD00752D74 /* ViewController.m */; };
		06E403AB1D028EFD00752D74 /* Main.storyboard in Resources */ = {isa = PBXBuildFile; fileRef = 06E403A91D028EFD00752D74 /* Main.storyboard */; };
		06E403AD1D028EFD00752D74 /* Assets.xcassets in Resources */ = {isa = PBXBuildFile; fileRef = 06E403AC1D028EFD00752D74 /* Assets.xcassets */; };
		06E403B01D028EFD00752D74 /* LaunchScreen.storyboard in Resources */ = {isa = PBXBuildFile; fileRef = 06E403AE1D028EFD00752D74 /* LaunchScreen.storyboard */; };
		06E403BB1D028EFD00752D74 /* smartRemoteTests.m in Sources */ = {isa = PBXBuildFile; fileRef = 06E403BA1D028EFD00752D74 /* smartRemoteTests.m */; };
		06E403C61D028EFD00752D74 /* smartRemoteUITests.m in Sources */ = {isa = PBXBuildFile; fileRef = 06E403C51D028EFD00752D74 /* smartRemoteUITests.m */; };
/* End PBXBuildFile section */

/* Begin PBXContainerItemProxy section */
		06E403B71D028EFD00752D74 /* PBXContainerItemProxy */ = {
			isa = PBXContainerItemProxy;
			containerPortal = 06E403951D028EFD00752D74 /* Project object */;
			proxyType = 1;
			remoteGlobalIDString = 06E4039C1D028EFD00752D74;
			remoteInfo = smartRemote;
		};
		06E403C21D028EFD00752D74 /* PBXContainerItemProxy */ = {
			isa = PBXContainerItemProxy;
			containerPortal = 06E403951D028EFD00752D74 /* Project object */;
			proxyType = 1;
			remoteGlobalIDString = 06E4039C1D028EFD00752D74;
			remoteInfo = smartRemote;
		};
/* End PBXContainerItemProxy section */

/* Begin PBXFileReference section */
		06E4039D1D028EFD00752D74 /* smartRemote.app */ = {isa = PBXFileReference; explicitFileType = wrapper.application; includeInIndex = 0; path = smartRemote.app; sourceTree = BUILT_PRODUCTS_DIR; };
		06E403A11D028EFD00752D74 /* main.m */ = {isa = PBXFileReference; lastKnownFileType = sourcecode.c.objc; path = main.m; sourceTree = "<group>"; };
		06E403A31D028EFD00752D74 /* AppDelegate.h */ = {isa = PBXFileReference; lastKnownFileType = sourcecode.c.h; path = AppDelegate.h; sourceTree = "<group>"; };
		06E403A41D028EFD00752D74 /* AppDelegate.m */ = {isa = PBXFileReference; lastKnownFileType = sourcecode.c.objc; path = AppDelegate.m; sourceTree = "<group>"; };
		06E403A61D028EFD00752D74 /* ViewController.h */ = {isa = PBXFileReference; lastKnownFileType = sourcecode.c.h; path = ViewController.h; sourceTree = "<group>"; };
		06E403A71D028EFD00752D74 /* ViewController.m */ = {isa = PBXFileReference; lastKnownFileType = sourcecode.c.objc; path = ViewController.m; sourceTree = "<group>"; };
		06E403AA1D028EFD00752D74 /* Base */ = {isa = PBXFileReference; lastKnownFileType = file.storyboard; name = Base; path = Base.lproj/Main.storyboard; sourceTree = "<group>"; };
		06E403AC1D028EFD00752D74 /* Assets.xcassets */ = {isa = PBXFileReference; lastKnownFileType = folder.assetcatalog; path = Assets.xcassets; sourceTree = "<group>"; };
		06E403AF1D028EFD00752D74 /* Base */ = {isa = PBXFileReference; lastKnownFileType = file.storyboard; name = Base; path = Base.lproj/LaunchScreen.storyboard; sourceTree = "<group>"; };
		06E403B11D028EFD00752D74 /* Info.plist */ = {isa = PBXFileReference; lastKnownFileType = text.plist.xml; path = Info.plist; sourceTree = "<group>"; };
		06E403B61D028EFD00752D74 /* smartRemoteTests.xctest */ = {isa = PBXFileReference; explicitFileType = wrapper.cfbundle; includeInIndex = 0; path = smartRemoteTests.xctest; sourceTree = BUILT_PRODUCTS_DIR; };
		06E403BA1D028EFD00752D74 /* smartRemoteTests.m */ = {isa = PBXFileReference; lastKnownFileType = sourcecode.c.objc; path = smartRemoteTests.m; sourceTree = "<group>"; };
		06E403BC1D028EFD00752D74 /* Info.plist */ = {isa = PBXFileReference; lastKnownFileType = text.plist.xml; path = Info.plist; sourceTree = "<group>"; };
		06E403C11D028EFD00752D74 /* smartRemoteUITests.xctest */ = {isa = PBXFileReference; explicitFileType = wrapper.cfbundle; includeInIndex = 0; path = smartRemoteUITests.xctest; sourceTree = BUILT_PRODUCTS_DIR; };
		06E403C51D028EFD00752D74 /* smartRemoteUITests.m */ = {isa = PBXFileReference; lastKnownFileType = sourcecode.c.objc; path = smartRemoteUITests.m; sourceTree = "<group>"; };
		06E403C71D028EFD00752D74 /* Info.plist */ = {isa = PBXFileReference; lastKnownFileType = text.plist.xml; path = Info.plist; sourceTree = "<group>"; };
/* End PBXFileReference section */

/* Begin PBXFrameworksBuildPhase section */
		06E4039A1D028EFD00752D74 /* Frameworks */ = {
			isa = PBXFrameworksBuildPhase;
			buildActionMask = 2147483647;
			files = (
			);
			runOnlyForDeploymentPostprocessing = 0;
		};
		06E403B31D028EFD00752D74 /* Frameworks */ = {
			isa = PBXFrameworksBuildPhase;
			buildActionMask = 2147483647;
			files = (
			);
			runOnlyForDeploymentPostprocessing = 0;
		};
		06E403BE1D028EFD00752D74 /* Frameworks */ = {
			isa = PBXFrameworksBuildPhase;
			buildActionMask = 2147483647;
			files = (
			);
			runOnlyForDeploymentPostprocessing = 0;
		};
/* End PBXFrameworksBuildPhase section */

/* Begin PBXGroup section */
		06E403941D028EFD00752D74 = {
			isa = PBXGroup;
			children = (
				06E4039F1D028EFD00752D74 /* smartRemote */,
				06E403B91D028EFD00752D74 /* smartRemoteTests */,
				06E403C41D028EFD00752D74 /* smartRemoteUITests */,
				06E4039E1D028EFD00752D74 /* Products */,
			);
			sourceTree = "<group>";
		};
		06E4039E1D028EFD00752D74 /* Products */ = {
			isa = PBXGroup;
			children = (
				06E4039D1D028EFD00752D74 /* smartRemote.app */,
				06E403B61D028EFD00752D74 /* smartRemoteTests.xctest */,
				06E403C11D028EFD00752D74 /* smartRemoteUITests.xctest */,
			);
			name = Products;
			sourceTree = "<group>";
		};
		06E4039F1D028EFD00752D74 /* smartRemote */ = {
			isa = PBXGroup;
			children = (
				06E403A31D028EFD00752D74 /* AppDelegate.h */,
				06E403A41D028EFD00752D74 /* AppDelegate.m */,
				06E403A61D028EFD00752D74 /* ViewController.h */,
				06E403A71D028EFD00752D74 /* ViewController.m */,
				06E403A91D028EFD00752D74 /* Main.storyboard */,
				06E403AC1D028EFD00752D74 /* Assets.xcassets */,
				06E403AE1D028EFD00752D74 /* LaunchScreen.storyboard */,
				06E403B11D028EFD00752D74 /* Info.plist */,
				06E403A01D028EFD00752D74 /* Supporting Files */,
			);
			path = smartRemote;
			sourceTree = "<group>";
		};
		06E403A01D028EFD00752D74 /* Supporting Files */ = {
			isa = PBXGroup;
			children = (
				06E403A11D028EFD00752D74 /* main.m */,
			);
			name = "Supporting Files";
			sourceTree = "<group>";
		};
		06E403B91D028EFD00752D74 /* smartRemoteTests */ = {
			isa = PBXGroup;
			children = (
				06E403BA1D028EFD00752D74 /* smartRemoteTests.m */,
				06E403BC1D028EFD00752D74 /* Info.plist */,
			);
			path = smartRemoteTests;
			sourceTree = "<group>";
		};
		06E403C41D028EFD00752D74 /* smartRemoteUITests */ = {
			isa = PBXGroup;
			children = (
				06E403C51D028EFD00752D74 /* smartRemoteUITests.m */,
				06E403C71D028EFD00752D74 /* Info.plist */,
			);
			path = smartRemoteUITests;
			sourceTree = "<group>";
		};
/* End PBXGroup section */

/* Begin PBXNativeTarget section */
		06E4039C1D028EFD00752D74 /* smartRemote */ = {
			isa = PBXNativeTarget;
			buildConfigurationList = 06E403CA1D028EFD00752D74 /* Build configuration list for PBXNativeTarget "smartRemote" */;
			buildPhases = (
				06E403991D028EFD00752D74 /* Sources */,
				06E4039A1D028EFD00752D74 /* Frameworks */,
				06E4039B1D028EFD00752D74 /* Resources */,
			);
			buildRules = (
			);
			dependencies = (
			);
			name = smartRemote;
			productName = smartRemote;
			productReference = 06E4039D1D028EFD00752D74 /* smartRemote.app */;
			productType = "com.apple.product-type.application";
		};
		06E403B51D028EFD00752D74 /* smartRemoteTests */ = {
			isa = PBXNativeTarget;
			buildConfigurationList = 06E403CD1D028EFD00752D74 /* Build configuration list for PBXNativeTarget "smartRemoteTests" */;
			buildPhases = (
				06E403B21D028EFD00752D74 /* Sources */,
				06E403B31D028EFD00752D74 /* Frameworks */,
				06E403B41D028EFD00752D74 /* Resources */,
			);
			buildRules = (
			);
			dependencies = (
				06E403B81D028EFD00752D74 /* PBXTargetDependency */,
			);
			name = smartRemoteTests;
			productName = smartRemoteTests;
			productReference = 06E403B61D028EFD00752D74 /* smartRemoteTests.xctest */;
			productType = "com.apple.product-type.bundle.unit-test";
		};
		06E403C01D028EFD00752D74 /* smartRemoteUITests */ = {
			isa = PBXNativeTarget;
			buildConfigurationList = 06E403D01D028EFD00752D74 /* Build configuration list for PBXNativeTarget "smartRemoteUITests" */;
			buildPhases = (
				06E403BD1D028EFD00752D74 /* Sources */,
				06E403BE1D028EFD00752D74 /* Frameworks */,
				06E403BF1D028EFD00752D74 /* Resources */,
			);
			buildRules = (
			);
			dependencies = (
				06E403C31D028EFD00752D74 /* PBXTargetDependency */,
			);
			name = smartRemoteUITests;
			productName = smartRemoteUITests;
			productReference = 06E403C11D028EFD00752D74 /* smartRemoteUITests.xctest */;
			productType = "com.apple.product-type.bundle.ui-testing";
		};
/* End PBXNativeTarget section */

/* Begin PBXProject section */
		06E403951D028EFD00752D74 /* Project object */ = {
			isa = PBXProject;
			attributes = {
				LastUpgradeCheck = 0730;
				ORGANIZATIONNAME = Soul;
				TargetAttributes = {
					06E4039C1D028EFD00752D74 = {
						CreatedOnToolsVersion = 7.3.1;
					};
					06E403B51D028EFD00752D74 = {
						CreatedOnToolsVersion = 7.3.1;
						TestTargetID = 06E4039C1D028EFD00752D74;
					};
					06E403C01D028EFD00752D74 = {
						CreatedOnToolsVersion = 7.3.1;
						TestTargetID = 06E4039C1D028EFD00752D74;
					};
				};
			};
			buildConfigurationList = 06E403981D028EFD00752D74 /* Build configuration list for PBXProject "smartRemote" */;
			compatibilityVersion = "Xcode 3.2";
			developmentRegion = English;
			hasScannedForEncodings = 0;
			knownRegions = (
				en,
				Base,
			);
			mainGroup = 06E403941D028EFD00752D74;
			productRefGroup = 06E4039E1D028EFD00752D74 /* Products */;
			projectDirPath = "";
			projectRoot = "";
			targets = (
				06E4039C1D028EFD00752D74 /* smartRemote */,
				06E403B51D028EFD00752D74 /* smartRemoteTests */,
				06E403C01D028EFD00752D74 /* smartRemoteUITests */,
			);
		};
/* End PBXProject section */

/* Begin PBXResourcesBuildPhase section */
		06E4039B1D028EFD00752D74 /* Resources */ = {
			isa = PBXResourcesBuildPhase;
			buildActionMask = 2147483647;
			files = (
				06E403B01D028EFD00752D74 /* LaunchScreen.storyboard in Resources */,
				06E403AD1D028EFD00752D74 /* Assets.xcassets in Resources */,
				06E403AB1D028EFD00752D74 /* Main.storyboard in Resources */,
			);
			runOnlyForDeploymentPostprocessing = 0;
		};
		06E403B41D028EFD00752D74 /* Resources */ = {
			isa = PBXResourcesBuildPhase;
			buildActionMask = 2147483647;
			files = (
			);
			runOnlyForDeploymentPostprocessing = 0;
		};
		06E403BF1D028EFD00752D74 /* Resources */ = {
			isa = PBXResourcesBuildPhase;
			buildActionMask = 2147483647;
			files = (
			);
			runOnlyForDeploymentPostprocessing = 0;
		};
/* End PBXResourcesBuildPhase section */

/* Begin PBXSourcesBuildPhase section */
		06E403991D028EFD00752D74 /* Sources */ = {
			isa = PBXSourcesBuildPhase;
			buildActionMask = 2147483647;
			files = (
				06E403A81D028EFD00752D74 /* ViewController.m in Sources */,
				06E403A51D028EFD00752D74 /* AppDelegate.m in Sources */,
				06E403A21D028EFD00752D74 /* main.m in Sources */,
			);
			runOnlyForDeploymentPostprocessing = 0;
		};
		06E403B21D028EFD00752D74 /* Sources */ = {
			isa = PBXSourcesBuildPhase;
			buildActionMask = 2147483647;
			files = (
				06E403BB1D028EFD00752D74 /* smartRemoteTests.m in Sources */,
			);
			runOnlyForDeploymentPostprocessing = 0;
		};
		06E403BD1D028EFD00752D74 /* Sources */ = {
			isa = PBXSourcesBuildPhase;
			buildActionMask = 2147483647;
			files = (
				06E403C61D028EFD00752D74 /* smartRemoteUITests.m in Sources */,
			);
			runOnlyForDeploymentPostprocessing = 0;
		};
/* End PBXSourcesBuildPhase section */

/* Begin PBXTargetDependency section */
		06E403B81D028EFD00752D74 /* PBXTargetDependency */ = {
			isa = PBXTargetDependency;
			target = 06E4039C1D028EFD00752D74 /* smartRemote */;
			targetProxy = 06E403B71D028EFD00752D74 /* PBXContainerItemProxy */;
		};
		06E403C31D028EFD00752D74 /* PBXTargetDependency */ = {
			isa = PBXTargetDependency;
			target = 06E4039C1D028EFD00752D74 /* smartRemote */;
			targetProxy = 06E403C21D028EFD00752D74 /* PBXContainerItemProxy */;
		};
/* End PBXTargetDependency section */

/* Begin PBXVariantGroup section */
		06E403A91D028EFD00752D74 /* Main.storyboard */ = {
			isa = PBXVariantGroup;
			children = (
				06E403AA1D028EFD00752D74 /* Base */,
			);
			name = Main.storyboard;
			sourceTree = "<group>";
		};
		06E403AE1D028EFD00752D74 /* LaunchScreen.storyboard */ = {
			isa = PBXVariantGroup;
			children = (
				06E403AF1D028EFD00752D74 /* Base */,
			);
			name = LaunchScreen.storyboard;
			sourceTree = "<group>";
		};
/* End PBXVariantGroup section */

/* Begin XCBuildConfiguration section */
		06E403C81D028EFD00752D74 /* Debug */ = {
			isa = XCBuildConfiguration;
			buildSettings = {
				ALWAYS_SEARCH_USER_PATHS = NO;
				CLANG_ANALYZER_NONNULL = YES;
				CLANG_CXX_LANGUAGE_STANDARD = "gnu++0x";
				CLANG_CXX_LIBRARY = "libc++";
				CLANG_ENABLE_MODULES = YES;
				CLANG_ENABLE_OBJC_ARC = YES;
				CLANG_WARN_BOOL_CONVERSION = YES;
				CLANG_WARN_CONSTANT_CONVERSION = YES;
				CLANG_WARN_DIRECT_OBJC_ISA_USAGE = YES_ERROR;
				CLANG_WARN_EMPTY_BODY = YES;
				CLANG_WARN_ENUM_CONVERSION = YES;
				CLANG_WARN_INT_CONVERSION = YES;
				CLANG_WARN_OBJC_ROOT_CLASS = YES_ERROR;
				CLANG_WARN_UNREACHABLE_CODE = YES;
				CLANG_WARN__DUPLICATE_METHOD_MATCH = YES;
				"CODE_SIGN_IDENTITY[sdk=iphoneos*]" = "iPhone Developer";
				COPY_PHASE_STRIP = NO;
				DEBUG_INFORMATION_FORMAT = dwarf;
				ENABLE_STRICT_OBJC_MSGSEND = YES;
				ENABLE_TESTABILITY = YES;
				GCC_C_LANGUAGE_STANDARD = gnu99;
				GCC_DYNAMIC_NO_PIC = NO;
				GCC_NO_COMMON_BLOCKS = YES;
				GCC_OPTIMIZATION_LEVEL = 0;
				GCC_PREPROCESSOR_DEFINITIONS = (
					"DEBUG=1",
					"$(inherited)",
				);
				GCC_WARN_64_TO_32_BIT_CONVERSION = YES;
				GCC_WARN_ABOUT_RETURN_TYPE = YES_ERROR;
				GCC_WARN_UNDECLARED_SELECTOR = YES;
				GCC_WARN_UNINITIALIZED_AUTOS = YES_AGGRESSIVE;
				GCC_WARN_UNUSED_FUNCTION = YES;
				GCC_WARN_UNUSED_VARIABLE = YES;
				IPHONEOS_DEPLOYMENT_TARGET = 9.3;
				MTL_ENABLE_DEBUG_INFO = YES;
				ONLY_ACTIVE_ARCH = YES;
				SDKROOT = iphoneos;
			};
			name = Debug;
		};
		06E403C91D028EFD00752D74 /* Release */ = {
			isa = XCBuildConfiguration;
			buildSettings = {
				ALWAYS_SEARCH_USER_PATHS = NO;
				CLANG_ANALYZER_NONNULL = YES;
				CLANG_CXX_LANGUAGE_STANDARD = "gnu++0x";
				CLANG_CXX_LIBRARY = "libc++";
				CLANG_ENABLE_MODULES = YES;
				CLANG_ENABLE_OBJC_ARC = YES;
				CLANG_WARN_BOOL_CONVERSION = YES;
				CLANG_WARN_CONSTANT_CONVERSION = YES;
				CLANG_WARN_DIRECT_OBJC_ISA_USAGE = YES_ERROR;
				CLANG_WARN_EMPTY_BODY = YES;
				CLANG_WARN_ENUM_CONVERSION = YES;
				CLANG_WARN_INT_CONVERSION = YES;
				CLANG_WARN_OBJC_ROOT_CLASS = YES_ERROR;
				CLANG_WARN_UNREACHABLE_CODE = YES;
				CLANG_WARN__DUPLICATE_METHOD_MATCH = YES;
				"CODE_SIGN_IDENTITY[sdk=iphoneos*]" = "iPhone Developer";
				COPY_PHASE_STRIP = NO;
				DEBUG_INFORMATION_FORMAT = "dwarf-with-dsym";
				ENABLE_NS_ASSERTIONS = NO;
				ENABLE_STRICT_OBJC_MSGSEND = YES;
				GCC_C_LANGUAGE_STANDARD = gnu99;
				GCC_NO_COMMON_BLOCKS = YES;
				GCC_WARN_64_TO_32_BIT_CONVERSION = YES;
				GCC_WARN_ABOUT_RETURN_TYPE = YES_ERROR;
				GCC_WARN_UNDECLARED_SELECTOR = YES;
				GCC_WARN_UNINITIALIZED_AUTOS = YES_AGGRESSIVE;
				GCC_WARN_UNUSED_FUNCTION = YES;
				GCC_WARN_UNUSED_VARIABLE = YES;
				IPHONEOS_DEPLOYMENT_TARGET = 9.3;
				MTL_ENABLE_DEBUG_INFO = NO;
				SDKROOT = iphoneos;
				VALIDATE_PRODUCT = YES;
			};
			name = Release;
		};
		06E403CB1D028EFD00752D74 /* Debug */ = {
			isa = XCBuildConfiguration;
			buildSettings = {
				ASSETCATALOG_COMPILER_APPICON_NAME = AppIcon;
				INFOPLIST_FILE = smartRemote/Info.plist;
				LD_RUNPATH_SEARCH_PATHS = "$(inherited) @executable_path/Frameworks";
				PRODUCT_BUNDLE_IDENTIFIER = com.sweatshop.smartRemote;
				PRODUCT_NAME = "$(TARGET_NAME)";
			};
			name = Debug;
		};
		06E403CC1D028EFD00752D74 /* Release */ = {
			isa = XCBuildConfiguration;
			buildSettings = {
				ASSETCATALOG_COMPILER_APPICON_NAME = AppIcon;
				INFOPLIST_FILE = smartRemote/Info.plist;
				LD_RUNPATH_SEARCH_PATHS = "$(inherited) @executable_path/Frameworks";
				PRODUCT_BUNDLE_IDENTIFIER = com.sweatshop.smartRemote;
				PRODUCT_NAME = "$(TARGET_NAME)";
			};
			name = Release;
		};
		06E403CE1D028EFD00752D74 /* Debug */ = {
			isa = XCBuildConfiguration;
			buildSettings = {
				BUNDLE_LOADER = "$(TEST_HOST)";
				INFOPLIST_FILE = smartRemoteTests/Info.plist;
				LD_RUNPATH_SEARCH_PATHS = "$(inherited) @executable_path/Frameworks @loader_path/Frameworks";
				PRODUCT_BUNDLE_IDENTIFIER = com.sweatshop.smartRemoteTests;
				PRODUCT_NAME = "$(TARGET_NAME)";
				TEST_HOST = "$(BUILT_PRODUCTS_DIR)/smartRemote.app/smartRemote";
			};
			name = Debug;
		};
		06E403CF1D028EFD00752D74 /* Release */ = {
			isa = XCBuildConfiguration;
			buildSettings = {
				BUNDLE_LOADER = "$(TEST_HOST)";
				INFOPLIST_FILE = smartRemoteTests/Info.plist;
				LD_RUNPATH_SEARCH_PATHS = "$(inherited) @executable_path/Frameworks @loader_path/Frameworks";
				PRODUCT_BUNDLE_IDENTIFIER = com.sweatshop.smartRemoteTests;
				PRODUCT_NAME = "$(TARGET_NAME)";
				TEST_HOST = "$(BUILT_PRODUCTS_DIR)/smartRemote.app/smartRemote";
			};
			name = Release;
		};
		06E403D11D028EFD00752D74 /* Debug */ = {
			isa = XCBuildConfiguration;
			buildSettings = {
				INFOPLIST_FILE = smartRemoteUITests/Info.plist;
				LD_RUNPATH_SEARCH_PATHS = "$(inherited) @executable_path/Frameworks @loader_path/Frameworks";
				PRODUCT_BUNDLE_IDENTIFIER = com.sweatshop.smartRemoteUITests;
				PRODUCT_NAME = "$(TARGET_NAME)";
				TEST_TARGET_NAME = smartRemote;
			};
			name = Debug;
		};
		06E403D21D028EFD00752D74 /* Release */ = {
			isa = XCBuildConfiguration;
			buildSettings = {
				INFOPLIST_FILE = smartRemoteUITests/Info.plist;
				LD_RUNPATH_SEARCH_PATHS = "$(inherited) @executable_path/Frameworks @loader_path/Frameworks";
				PRODUCT_BUNDLE_IDENTIFIER = com.sweatshop.smartRemoteUITests;
				PRODUCT_NAME = "$(TARGET_NAME)";
				TEST_TARGET_NAME = smartRemote;
			};
			name = Release;
		};
/* End XCBuildConfiguration section */

/* Begin XCConfigurationList section */
		06E403981D028EFD00752D74 /* Build configuration list for PBXProject "smartRemote" */ = {
			isa = XCConfigurationList;
			buildConfigurations = (
				06E403C81D028EFD00752D74 /* Debug */,
				06E403C91D028EFD00752D74 /* Release */,
			);
			defaultConfigurationIsVisible = 0;
			defaultConfigurationName = Release;
		};
		06E403CA1D028EFD00752D74 /* Build configuration list for PBXNativeTarget "smartRemote" */ = {
			isa = XCConfigurationList;
			buildConfigurations = (
				06E403CB1D028EFD00752D74 /* Debug */,
				06E403CC1D028EFD00752D74 /* Release */,
			);
			defaultConfigurationIsVisible = 0;
		};
		06E403CD1D028EFD00752D74 /* Build configuration list for PBXNativeTarget "smartRemoteTests" */ = {
			isa = XCConfigurationList;
			buildConfigurations = (
				06E403CE1D028EFD00752D74 /* Debug */,
				06E403CF1D028EFD00752D74 /* Release */,
			);
			defaultConfigurationIsVisible = 0;
		};
		06E403D01D028EFD00752D74 /* Build configuration list for PBXNativeTarget "smartRemoteUITests" */ = {
			isa = XCConfigurationList;
			buildConfigurations = (
				06E403D11D028EFD00752D74 /* Debug */,
				06E403D21D028EFD00752D74 /* Release */,
			);
			defaultConfigurationIsVisible = 0;
		};
/* End XCConfigurationList section */
	};
	rootObject = 06E403951D028EFD00752D74 /* Project object */;
}
